
Microsoft Visual Studio Solution File, Format Version 12.00
# Visual Studio Version 16
VisualStudioVersion = 16.0.29806.167
MinimumVisualStudioVersion = 10.0.40219.1
Project("{FAE04EC0-301F-11D3-BF4B-00C04F79EFBC}") = "TicTacToe", "TicTacToe\TicTacToe.csproj", "{DD9C0A10-4B68-4807-9A39-F45D501A2A22}"
EndProject
Global
	GlobalSection(SolutionConfigurationPlatforms) = preSolution
		Debug|Any CPU = Debug|Any CPU
		Release|Any CPU = Release|Any CPU
	EndGlobalSection
	GlobalSection(ProjectConfigurationPlatforms) = postSolution
		{DD9C0A10-4B68-4807-9A39-F45D501A2A22}.Debug|Any CPU.ActiveCfg = Debug|Any CPU
		{DD9C0A10-4B68-4807-9A39-F45D501A2A22}.Debug|Any CPU.Build.0 = Debug|Any CPU
		{DD9C0A10-4B68-4807-9A39-F45D501A2A22}.Release|Any CPU.ActiveCfg = Release|Any CPU
		{DD9C0A10-4B68-4807-9A39-F45D501A2A22}.Release|Any CPU.Build.0 = Release|Any CPU
	EndGlobalSection
	GlobalSection(SolutionProperties) = preSolution
		HideSolutionNode = FALSE
	EndGlobalSection
	GlobalSection(ExtensibilityGlobals) = postSolution
		SolutionGuid = {2468BAA3-7623-463B-8692-D1AAF1CF468C}
	EndGlobalSection
EndGlobal
